
Microsoft Visual Studio Solution File, Format Version 12.00
# Visual Studio 2015
Project("{FAE04EC0-301F-11D3-BF4B-00C04F79EFBC}") = "first (1).CSharp.Plugins", "first (1).CSharp.Plugins.csproj", "{0451C870-07DB-6019-EA12-CDF8AC557BE2}"
EndProject
Project("{FAE04EC0-301F-11D3-BF4B-00C04F79EFBC}") = "first (1).CSharp", "first (1).CSharp.csproj", "{B8960DE7-5C2A-667A-CD1E-7BBC20799C5C}"
EndProject
Project("{FAE04EC0-301F-11D3-BF4B-00C04F79EFBC}") = "first (1).CSharp.Editor", "first (1).CSharp.Editor.csproj", "{684CD889-1AF2-C50E-4447-CF7701917D66}"
EndProject
Global
	GlobalSection(SolutionConfigurationPlatforms) = preSolution
		Debug|Any CPU = Debug|Any CPU
		Release|Any CPU = Release|Any CPU
	EndGlobalSection
	GlobalSection(ProjectConfigurationPlatforms) = postSolution
		{0451C870-07DB-6019-EA12-CDF8AC557BE2}.Debug|Any CPU.ActiveCfg = Debug|Any CPU
		{0451C870-07DB-6019-EA12-CDF8AC557BE2}.Debug|Any CPU.Build.0 = Debug|Any CPU
		{0451C870-07DB-6019-EA12-CDF8AC557BE2}.Release|Any CPU.ActiveCfg = Release|Any CPU
		{0451C870-07DB-6019-EA12-CDF8AC557BE2}.Release|Any CPU.Build.0 = Release|Any CPU
		{B8960DE7-5C2A-667A-CD1E-7BBC20799C5C}.Debug|Any CPU.ActiveCfg = Debug|Any CPU
		{B8960DE7-5C2A-667A-CD1E-7BBC20799C5C}.Debug|Any CPU.Build.0 = Debug|Any CPU
		{B8960DE7-5C2A-667A-CD1E-7BBC20799C5C}.Release|Any CPU.ActiveCfg = Release|Any CPU
		{B8960DE7-5C2A-667A-CD1E-7BBC20799C5C}.Release|Any CPU.Build.0 = Release|Any CPU
		{684CD889-1AF2-C50E-4447-CF7701917D66}.Debug|Any CPU.ActiveCfg = Debug|Any CPU
		{684CD889-1AF2-C50E-4447-CF7701917D66}.Debug|Any CPU.Build.0 = Debug|Any CPU
		{684CD889-1AF2-C50E-4447-CF7701917D66}.Release|Any CPU.ActiveCfg = Release|Any CPU
		{684CD889-1AF2-C50E-4447-CF7701917D66}.Release|Any CPU.Build.0 = Release|Any CPU
	EndGlobalSection
	GlobalSection(SolutionProperties) = preSolution
		HideSolutionNode = FALSE
	EndGlobalSection
EndGlobal
